
Microsoft Visual Studio Solution File, Format Version 12.00
# Visual Studio 15
Project("{FAE04EC0-301F-11D3-BF4B-00C04F79EFBC}") = "UnitTesting", "UnitTesting\UnitTesting.csproj", "{22B5F94A-5106-472D-9711-E9575965E2FC}"
EndProject
Project("{FAE04EC0-301F-11D3-BF4B-00C04F79EFBC}") = "ATMTesting", "ATMTesting\ATMTesting.csproj", "{6DA1105C-C6F0-4663-8AEE-5D2B2807C3BC}"
EndProject
Global
	GlobalSection(SolutionConfigurationPlatforms) = preSolution
		Debug|Any CPU = Debug|Any CPU
		Release|Any CPU = Release|Any CPU
	EndGlobalSection
	GlobalSection(ProjectConfigurationPlatforms) = postSolution
		{22B5F94A-5106-472D-9711-E9575965E2FC}.Debug|Any CPU.ActiveCfg = Debug|Any CPU
		{22B5F94A-5106-472D-9711-E9575965E2FC}.Debug|Any CPU.Build.0 = Debug|Any CPU
		{22B5F94A-5106-472D-9711-E9575965E2FC}.Release|Any CPU.ActiveCfg = Release|Any CPU
		{22B5F94A-5106-472D-9711-E9575965E2FC}.Release|Any CPU.Build.0 = Release|Any CPU
		{6DA1105C-C6F0-4663-8AEE-5D2B2807C3BC}.Debug|Any CPU.ActiveCfg = Debug|Any CPU
		{6DA1105C-C6F0-4663-8AEE-5D2B2807C3BC}.Debug|Any CPU.Build.0 = Debug|Any CPU
		{6DA1105C-C6F0-4663-8AEE-5D2B2807C3BC}.Release|Any CPU.ActiveCfg = Release|Any CPU
		{6DA1105C-C6F0-4663-8AEE-5D2B2807C3BC}.Release|Any CPU.Build.0 = Release|Any CPU
	EndGlobalSection
EndGlobal
